// !$*UTF8*$!
{
	archiveVersion = 1;
	classes = {
	};
	objectVersion = 51;
	objects = {

/* Begin PBXBuildFile section */
		793637E1264B6765005BCA5B /* DatabaseManager+Extension.swift in Sources */ = {isa = PBXBuildFile; fileRef = 793637E0264B6765005BCA5B /* DatabaseManager+Extension.swift */; };
		794A38BD268071FB0016D6A4 /* NewConversationCell.swift in Sources */ = {isa = PBXBuildFile; fileRef = 794A38BC268071FB0016D6A4 /* NewConversationCell.swift */; };
		799760B2264F6ACF00EC30DA /* ConversationTableViewCell.swift in Sources */ = {isa = PBXBuildFile; fileRef = 799760B1264F6ACF00EC30DA /* ConversationTableViewCell.swift */; };
		79B077CB2650E58700CFAD58 /* PhotoViewerViewController.swift in Sources */ = {isa = PBXBuildFile; fileRef = 79B077CA2650E58700CFAD58 /* PhotoViewerViewController.swift */; };
		79F8CC49264798E6003ACAA3 /* Assets.xcassets in Resources */ = {isa = PBXBuildFile; fileRef = 79F8CC48264798E6003ACAA3 /* Assets.xcassets */; };
		79F8CC4C264798E7003ACAA3 /* LaunchScreen.storyboard in Resources */ = {isa = PBXBuildFile; fileRef = 79F8CC4A264798E6003ACAA3 /* LaunchScreen.storyboard */; };
		79F8CC7326479A78003ACAA3 /* Main.storyboard in Resources */ = {isa = PBXBuildFile; fileRef = 79F8CC7226479A78003ACAA3 /* Main.storyboard */; };
		79F8CC932647A105003ACAA3 /* GoogleService-Info.plist in Resources */ = {isa = PBXBuildFile; fileRef = 79F8CC922647A105003ACAA3 /* GoogleService-Info.plist */; };
		79F8CC9C2647A48A003ACAA3 /* StorageManager.swift in Sources */ = {isa = PBXBuildFile; fileRef = 79F8CC972647A48A003ACAA3 /* StorageManager.swift */; };
		79F8CC9D2647A48A003ACAA3 /* Extension.swift in Sources */ = {isa = PBXBuildFile; fileRef = 79F8CC982647A48A003ACAA3 /* Extension.swift */; };
		79F8CC9E2647A48A003ACAA3 /* AppDelegate.swift in Sources */ = {isa = PBXBuildFile; fileRef = 79F8CC992647A48A003ACAA3 /* AppDelegate.swift */; };
		79F8CC9F2647A48A003ACAA3 /* DatabaseManager.swift in Sources */ = {isa = PBXBuildFile; fileRef = 79F8CC9A2647A48A003ACAA3 /* DatabaseManager.swift */; };
		79F8CCA02647A48A003ACAA3 /* SceneDelegate.swift in Sources */ = {isa = PBXBuildFile; fileRef = 79F8CC9B2647A48A003ACAA3 /* SceneDelegate.swift */; };
		79F8CCAC2647A55B003ACAA3 /* ChatViewController.swift in Sources */ = {isa = PBXBuildFile; fileRef = 79F8CCA62647A55B003ACAA3 /* ChatViewController.swift */; };
		79F8CCAD2647A55B003ACAA3 /* NewConversationViewController.swift in Sources */ = {isa = PBXBuildFile; fileRef = 79F8CCA72647A55B003ACAA3 /* NewConversationViewController.swift */; };
		79F8CCAE2647A55B003ACAA3 /* LoginViewController.swift in Sources */ = {isa = PBXBuildFile; fileRef = 79F8CCA82647A55B003ACAA3 /* LoginViewController.swift */; };
		79F8CCAF2647A55B003ACAA3 /* ProfileViewController.swift in Sources */ = {isa = PBXBuildFile; fileRef = 79F8CCA92647A55B003ACAA3 /* ProfileViewController.swift */; };
		79F8CCB02647A55B003ACAA3 /* ConversationsViewController.swift in Sources */ = {isa = PBXBuildFile; fileRef = 79F8CCAA2647A55B003ACAA3 /* ConversationsViewController.swift */; };
		79F8CCB12647A55B003ACAA3 /* RegisterViewController.swift in Sources */ = {isa = PBXBuildFile; fileRef = 79F8CCAB2647A55B003ACAA3 /* RegisterViewController.swift */; };
		9BF99ECFA6D1B3C71068DAF7 /* Pods_MessengerApp.framework in Frameworks */ = {isa = PBXBuildFile; fileRef = 6284DB1093FCA501789AB7DF /* Pods_MessengerApp.framework */; };
/* End PBXBuildFile section */

/* Begin PBXFileReference section */
		43576BE98CD71AB35BCEE960 /* Pods-MessengerApp.debug.xcconfig */ = {isa = PBXFileReference; includeInIndex = 1; lastKnownFileType = text.xcconfig; name = "Pods-MessengerApp.debug.xcconfig"; path = "Target Support Files/Pods-MessengerApp/Pods-MessengerApp.debug.xcconfig"; sourceTree = "<group>"; };
		6284DB1093FCA501789AB7DF /* Pods_MessengerApp.framework */ = {isa = PBXFileReference; explicitFileType = wrapper.framework; includeInIndex = 0; path = Pods_MessengerApp.framework; sourceTree = BUILT_PRODUCTS_DIR; };
		793637E0264B6765005BCA5B /* DatabaseManager+Extension.swift */ = {isa = PBXFileReference; lastKnownFileType = sourcecode.swift; path = "DatabaseManager+Extension.swift"; sourceTree = "<group>"; };
		794A38BC268071FB0016D6A4 /* NewConversationCell.swift */ = {isa = PBXFileReference; lastKnownFileType = sourcecode.swift; path = NewConversationCell.swift; sourceTree = "<group>"; };
		799760B1264F6ACF00EC30DA /* ConversationTableViewCell.swift */ = {isa = PBXFileReference; lastKnownFileType = sourcecode.swift; path = ConversationTableViewCell.swift; sourceTree = "<group>"; };
		79B077CA2650E58700CFAD58 /* PhotoViewerViewController.swift */ = {isa = PBXFileReference; lastKnownFileType = sourcecode.swift; path = PhotoViewerViewController.swift; sourceTree = "<group>"; };
		79F8CC3C264798D6003ACAA3 /* MessengerApp.app */ = {isa = PBXFileReference; explicitFileType = wrapper.application; includeInIndex = 0; path = MessengerApp.app; sourceTree = BUILT_PRODUCTS_DIR; };
		79F8CC48264798E6003ACAA3 /* Assets.xcassets */ = {isa = PBXFileReference; lastKnownFileType = folder.assetcatalog; path = Assets.xcassets; sourceTree = "<group>"; };
		79F8CC4B264798E6003ACAA3 /* Base */ = {isa = PBXFileReference; lastKnownFileType = file.storyboard; name = Base; path = Base.lproj/LaunchScreen.storyboard; sourceTree = "<group>"; };
		79F8CC4D264798E7003ACAA3 /* Info.plist */ = {isa = PBXFileReference; lastKnownFileType = text.plist.xml; path = Info.plist; sourceTree = "<group>"; };
		79F8CC7226479A78003ACAA3 /* Main.storyboard */ = {isa = PBXFileReference; fileEncoding = 4; lastKnownFileType = file.storyboard; path = Main.storyboard; sourceTree = "<group>"; };
		79F8CC922647A105003ACAA3 /* GoogleService-Info.plist */ = {isa = PBXFileReference; fileEncoding = 4; lastKnownFileType = text.plist.xml; path = "GoogleService-Info.plist"; sourceTree = "<group>"; };
		79F8CC972647A48A003ACAA3 /* StorageManager.swift */ = {isa = PBXFileReference; fileEncoding = 4; lastKnownFileType = sourcecode.swift; path = StorageManager.swift; sourceTree = "<group>"; };
		79F8CC982647A48A003ACAA3 /* Extension.swift */ = {isa = PBXFileReference; fileEncoding = 4; lastKnownFileType = sourcecode.swift; path = Extension.swift; sourceTree = "<group>"; };
		79F8CC992647A48A003ACAA3 /* AppDelegate.swift */ = {isa = PBXFileReference; fileEncoding = 4; lastKnownFileType = sourcecode.swift; path = AppDelegate.swift; sourceTree = "<group>"; };
		79F8CC9A2647A48A003ACAA3 /* DatabaseManager.swift */ = {isa = PBXFileReference; fileEncoding = 4; lastKnownFileType = sourcecode.swift; path = DatabaseManager.swift; sourceTree = "<group>"; };
		79F8CC9B2647A48A003ACAA3 /* SceneDelegate.swift */ = {isa = PBXFileReference; fileEncoding = 4; lastKnownFileType = sourcecode.swift; path = SceneDelegate.swift; sourceTree = "<group>"; };
		79F8CCA62647A55B003ACAA3 /* ChatViewController.swift */ = {isa = PBXFileReference; fileEncoding = 4; lastKnownFileType = sourcecode.swift; path = ChatViewController.swift; sourceTree = "<group>"; };
		79F8CCA72647A55B003ACAA3 /* NewConversationViewController.swift */ = {isa = PBXFileReference; fileEncoding = 4; lastKnownFileType = sourcecode.swift; path = NewConversationViewController.swift; sourceTree = "<group>"; };
		79F8CCA82647A55B003ACAA3 /* LoginViewController.swift */ = {isa = PBXFileReference; fileEncoding = 4; lastKnownFileType = sourcecode.swift; path = LoginViewController.swift; sourceTree = "<group>"; };
		79F8CCA92647A55B003ACAA3 /* ProfileViewController.swift */ = {isa = PBXFileReference; fileEncoding = 4; lastKnownFileType = sourcecode.swift; path = ProfileViewController.swift; sourceTree = "<group>"; };
		79F8CCAA2647A55B003ACAA3 /* ConversationsViewController.swift */ = {isa = PBXFileReference; fileEncoding = 4; lastKnownFileType = sourcecode.swift; path = ConversationsViewController.swift; sourceTree = "<group>"; };
		79F8CCAB2647A55B003ACAA3 /* RegisterViewController.swift */ = {isa = PBXFileReference; fileEncoding = 4; lastKnownFileType = sourcecode.swift; path = RegisterViewController.swift; sourceTree = "<group>"; };
		DE00967915590922D7C3E35D /* Pods-MessengerApp.release.xcconfig */ = {isa = PBXFileReference; includeInIndex = 1; lastKnownFileType = text.xcconfig; name = "Pods-MessengerApp.release.xcconfig"; path = "Target Support Files/Pods-MessengerApp/Pods-MessengerApp.release.xcconfig"; sourceTree = "<group>"; };
/* End PBXFileReference section */

/* Begin PBXFrameworksBuildPhase section */
		79F8CC39264798D6003ACAA3 /* Frameworks */ = {
			isa = PBXFrameworksBuildPhase;
			buildActionMask = 2147483647;
			files = (
				9BF99ECFA6D1B3C71068DAF7 /* Pods_MessengerApp.framework in Frameworks */,
			);
			runOnlyForDeploymentPostprocessing = 0;
		};
/* End PBXFrameworksBuildPhase section */

/* Begin PBXGroup section */
		79F8CC33264798D6003ACAA3 = {
			isa = PBXGroup;
			children = (
				79F8CC3E264798D6003ACAA3 /* MessengerApp */,
				79F8CC3D264798D6003ACAA3 /* Products */,
				B5B021251BC591987DA55618 /* Pods */,
				F1165A9DEAFA1C5F988546F1 /* Frameworks */,
			);
			sourceTree = "<group>";
		};
		79F8CC3D264798D6003ACAA3 /* Products */ = {
			isa = PBXGroup;
			children = (
				79F8CC3C264798D6003ACAA3 /* MessengerApp.app */,
			);
			name = Products;
			sourceTree = "<group>";
		};
		79F8CC3E264798D6003ACAA3 /* MessengerApp */ = {
			isa = PBXGroup;
			children = (
				79F8CC962647A48A003ACAA3 /* Resources */,
				79F8CCA22647A4BA003ACAA3 /* Models */,
				79F8CCB52647ADFF003ACAA3 /* Views */,
				79F8CCA42647A549003ACAA3 /* ViewModels */,
				79F8CCA52647A55B003ACAA3 /* Controllers */,
				79F8CC922647A105003ACAA3 /* GoogleService-Info.plist */,
				79F8CC4D264798E7003ACAA3 /* Info.plist */,
			);
			path = MessengerApp;
			sourceTree = "<group>";
		};
		79F8CC962647A48A003ACAA3 /* Resources */ = {
			isa = PBXGroup;
			children = (
				79F8CC992647A48A003ACAA3 /* AppDelegate.swift */,
				79F8CC9B2647A48A003ACAA3 /* SceneDelegate.swift */,
				79F8CC9A2647A48A003ACAA3 /* DatabaseManager.swift */,
				793637E0264B6765005BCA5B /* DatabaseManager+Extension.swift */,
				79F8CC972647A48A003ACAA3 /* StorageManager.swift */,
				79F8CC982647A48A003ACAA3 /* Extension.swift */,
			);
			path = Resources;
			sourceTree = "<group>";
		};
		79F8CCA22647A4BA003ACAA3 /* Models */ = {
			isa = PBXGroup;
			children = (
			);
			path = Models;
			sourceTree = "<group>";
		};
		79F8CCA42647A549003ACAA3 /* ViewModels */ = {
			isa = PBXGroup;
			children = (
			);
			path = ViewModels;
			sourceTree = "<group>";
		};
		79F8CCA52647A55B003ACAA3 /* Controllers */ = {
			isa = PBXGroup;
			children = (
				79F8CCA82647A55B003ACAA3 /* LoginViewController.swift */,
				79F8CCAB2647A55B003ACAA3 /* RegisterViewController.swift */,
				79F8CCAA2647A55B003ACAA3 /* ConversationsViewController.swift */,
				79F8CCA72647A55B003ACAA3 /* NewConversationViewController.swift */,
				79F8CCA62647A55B003ACAA3 /* ChatViewController.swift */,
				79F8CCA92647A55B003ACAA3 /* ProfileViewController.swift */,
				79B077CA2650E58700CFAD58 /* PhotoViewerViewController.swift */,
			);
			path = Controllers;
			sourceTree = "<group>";
		};
		79F8CCB52647ADFF003ACAA3 /* Views */ = {
			isa = PBXGroup;
			children = (
				79F8CCB62647AE0C003ACAA3 /* Storyboard */,
				79F8CC48264798E6003ACAA3 /* Assets.xcassets */,
				799760B1264F6ACF00EC30DA /* ConversationTableViewCell.swift */,
				794A38BC268071FB0016D6A4 /* NewConversationCell.swift */,
			);
			path = Views;
			sourceTree = "<group>";
		};
		79F8CCB62647AE0C003ACAA3 /* Storyboard */ = {
			isa = PBXGroup;
			children = (
				79F8CC7226479A78003ACAA3 /* Main.storyboard */,
				79F8CC4A264798E6003ACAA3 /* LaunchScreen.storyboard */,
			);
			path = Storyboard;
			sourceTree = "<group>";
		};
		B5B021251BC591987DA55618 /* Pods */ = {
			isa = PBXGroup;
			children = (
				43576BE98CD71AB35BCEE960 /* Pods-MessengerApp.debug.xcconfig */,
				DE00967915590922D7C3E35D /* Pods-MessengerApp.release.xcconfig */,
			);
			path = Pods;
			sourceTree = "<group>";
		};
		F1165A9DEAFA1C5F988546F1 /* Frameworks */ = {
			isa = PBXGroup;
			children = (
				6284DB1093FCA501789AB7DF /* Pods_MessengerApp.framework */,
			);
			name = Frameworks;
			sourceTree = "<group>";
		};
/* End PBXGroup section */

/* Begin PBXNativeTarget section */
		79F8CC3B264798D6003ACAA3 /* MessengerApp */ = {
			isa = PBXNativeTarget;
			buildConfigurationList = 79F8CC50264798E7003ACAA3 /* Build configuration list for PBXNativeTarget "MessengerApp" */;
			buildPhases = (
				5F6E2BE6EE6C1FD83CCA8618 /* [CP] Check Pods Manifest.lock */,
				79F8CC38264798D6003ACAA3 /* Sources */,
				79F8CC39264798D6003ACAA3 /* Frameworks */,
				79F8CC3A264798D6003ACAA3 /* Resources */,
				7D67E42D37EF8D70276B49CB /* [CP] Embed Pods Frameworks */,
				CD8FF8B33477F16A5F7C97A8 /* [CP] Copy Pods Resources */,
			);
			buildRules = (
			);
			dependencies = (
			);
			name = MessengerApp;
			productName = MessengerApp;
			productReference = 79F8CC3C264798D6003ACAA3 /* MessengerApp.app */;
			productType = "com.apple.product-type.application";
		};
/* End PBXNativeTarget section */

/* Begin PBXProject section */
		79F8CC34264798D6003ACAA3 /* Project object */ = {
			isa = PBXProject;
			attributes = {
				LastSwiftUpdateCheck = 1220;
				LastUpgradeCheck = 1220;
				TargetAttributes = {
					79F8CC3B264798D6003ACAA3 = {
						CreatedOnToolsVersion = 12.2;
					};
				};
			};
			buildConfigurationList = 79F8CC37264798D6003ACAA3 /* Build configuration list for PBXProject "MessengerApp" */;
			compatibilityVersion = "Xcode 9.3";
			developmentRegion = en;
			hasScannedForEncodings = 0;
			knownRegions = (
				en,
				Base,
			);
			mainGroup = 79F8CC33264798D6003ACAA3;
			productRefGroup = 79F8CC3D264798D6003ACAA3 /* Products */;
			projectDirPath = "";
			projectRoot = "";
			targets = (
				79F8CC3B264798D6003ACAA3 /* MessengerApp */,
			);
		};
/* End PBXProject section */

/* Begin PBXResourcesBuildPhase section */
		79F8CC3A264798D6003ACAA3 /* Resources */ = {
			isa = PBXResourcesBuildPhase;
			buildActionMask = 2147483647;
			files = (
				79F8CC7326479A78003ACAA3 /* Main.storyboard in Resources */,
				79F8CC4C264798E7003ACAA3 /* LaunchScreen.storyboard in Resources */,
				79F8CC49264798E6003ACAA3 /* Assets.xcassets in Resources */,
				79F8CC932647A105003ACAA3 /* GoogleService-Info.plist in Resources */,
			);
			runOnlyForDeploymentPostprocessing = 0;
		};
/* End PBXResourcesBuildPhase section */

/* Begin PBXShellScriptBuildPhase section */
		5F6E2BE6EE6C1FD83CCA8618 /* [CP] Check Pods Manifest.lock */ = {
			isa = PBXShellScriptBuildPhase;
			buildActionMask = 2147483647;
			files = (
			);
			inputFileListPaths = (
			);
			inputPaths = (
				"${PODS_PODFILE_DIR_PATH}/Podfile.lock",
				"${PODS_ROOT}/Manifest.lock",
			);
			name = "[CP] Check Pods Manifest.lock";
			outputFileListPaths = (
			);
			outputPaths = (
				"$(DERIVED_FILE_DIR)/Pods-MessengerApp-checkManifestLockResult.txt",
			);
			runOnlyForDeploymentPostprocessing = 0;
			shellPath = /bin/sh;
			shellScript = "diff \"${PODS_PODFILE_DIR_PATH}/Podfile.lock\" \"${PODS_ROOT}/Manifest.lock\" > /dev/null\nif [ $? != 0 ] ; then\n    # print error to STDERR\n    echo \"error: The sandbox is not in sync with the Podfile.lock. Run 'pod install' or update your CocoaPods installation.\" >&2\n    exit 1\nfi\n# This output is used by Xcode 'outputs' to avoid re-running this script phase.\necho \"SUCCESS\" > \"${SCRIPT_OUTPUT_FILE_0}\"\n";
			showEnvVarsInLog = 0;
		};
		7D67E42D37EF8D70276B49CB /* [CP] Embed Pods Frameworks */ = {
			isa = PBXShellScriptBuildPhase;
			buildActionMask = 2147483647;
			files = (
			);
			inputFileListPaths = (
				"${PODS_ROOT}/Target Support Files/Pods-MessengerApp/Pods-MessengerApp-frameworks-${CONFIGURATION}-input-files.xcfilelist",
			);
			name = "[CP] Embed Pods Frameworks";
			outputFileListPaths = (
				"${PODS_ROOT}/Target Support Files/Pods-MessengerApp/Pods-MessengerApp-frameworks-${CONFIGURATION}-output-files.xcfilelist",
			);
			runOnlyForDeploymentPostprocessing = 0;
			shellPath = /bin/sh;
			shellScript = "\"${PODS_ROOT}/Target Support Files/Pods-MessengerApp/Pods-MessengerApp-frameworks.sh\"\n";
			showEnvVarsInLog = 0;
		};
		CD8FF8B33477F16A5F7C97A8 /* [CP] Copy Pods Resources */ = {
			isa = PBXShellScriptBuildPhase;
			buildActionMask = 2147483647;
			files = (
			);
			inputFileListPaths = (
				"${PODS_ROOT}/Target Support Files/Pods-MessengerApp/Pods-MessengerApp-resources-${CONFIGURATION}-input-files.xcfilelist",
			);
			name = "[CP] Copy Pods Resources";
			outputFileListPaths = (
				"${PODS_ROOT}/Target Support Files/Pods-MessengerApp/Pods-MessengerApp-resources-${CONFIGURATION}-output-files.xcfilelist",
			);
			runOnlyForDeploymentPostprocessing = 0;
			shellPath = /bin/sh;
			shellScript = "\"${PODS_ROOT}/Target Support Files/Pods-MessengerApp/Pods-MessengerApp-resources.sh\"\n";
			showEnvVarsInLog = 0;
		};
/* End PBXShellScriptBuildPhase section */

/* Begin PBXSourcesBuildPhase section */
		79F8CC38264798D6003ACAA3 /* Sources */ = {
			isa = PBXSourcesBuildPhase;
			buildActionMask = 2147483647;
			files = (
				79F8CC9E2647A48A003ACAA3 /* AppDelegate.swift in Sources */,
				794A38BD268071FB0016D6A4 /* NewConversationCell.swift in Sources */,
				79F8CC9D2647A48A003ACAA3 /* Extension.swift in Sources */,
				793637E1264B6765005BCA5B /* DatabaseManager+Extension.swift in Sources */,
				79B077CB2650E58700CFAD58 /* PhotoViewerViewController.swift in Sources */,
				79F8CCAC2647A55B003ACAA3 /* ChatViewController.swift in Sources */,
				79F8CCB02647A55B003ACAA3 /* ConversationsViewController.swift in Sources */,
				79F8CC9C2647A48A003ACAA3 /* StorageManager.swift in Sources */,
				79F8CCAF2647A55B003ACAA3 /* ProfileViewController.swift in Sources */,
				79F8CCAD2647A55B003ACAA3 /* NewConversationViewController.swift in Sources */,
				79F8CC9F2647A48A003ACAA3 /* DatabaseManager.swift in Sources */,
				799760B2264F6ACF00EC30DA /* ConversationTableViewCell.swift in Sources */,
				79F8CCB12647A55B003ACAA3 /* RegisterViewController.swift in Sources */,
				79F8CCAE2647A55B003ACAA3 /* LoginViewController.swift in Sources */,
				79F8CCA02647A48A003ACAA3 /* SceneDelegate.swift in Sources */,
			);
			runOnlyForDeploymentPostprocessing = 0;
		};
/* End PBXSourcesBuildPhase section */

/* Begin PBXVariantGroup section */
		79F8CC4A264798E6003ACAA3 /* LaunchScreen.storyboard */ = {
			isa = PBXVariantGroup;
			children = (
				79F8CC4B264798E6003ACAA3 /* Base */,
			);
			name = LaunchScreen.storyboard;
			sourceTree = "<group>";
		};
/* End PBXVariantGroup section */

/* Begin XCBuildConfiguration section */
		79F8CC4E264798E7003ACAA3 /* Debug */ = {
			isa = XCBuildConfiguration;
			buildSettings = {
				ALWAYS_SEARCH_USER_PATHS = NO;
				CLANG_ANALYZER_NONNULL = YES;
				CLANG_ANALYZER_NUMBER_OBJECT_CONVERSION = YES_AGGRESSIVE;
				CLANG_CXX_LANGUAGE_STANDARD = "gnu++14";
				CLANG_CXX_LIBRARY = "libc++";
				CLANG_ENABLE_MODULES = YES;
				CLANG_ENABLE_OBJC_ARC = YES;
				CLANG_ENABLE_OBJC_WEAK = YES;
				CLANG_WARN_BLOCK_CAPTURE_AUTORELEASING = YES;
				CLANG_WARN_BOOL_CONVERSION = YES;
				CLANG_WARN_COMMA = YES;
				CLANG_WARN_CONSTANT_CONVERSION = YES;
				CLANG_WARN_DEPRECATED_OBJC_IMPLEMENTATIONS = YES;
				CLANG_WARN_DIRECT_OBJC_ISA_USAGE = YES_ERROR;
				CLANG_WARN_DOCUMENTATION_COMMENTS = YES;
				CLANG_WARN_EMPTY_BODY = YES;
				CLANG_WARN_ENUM_CONVERSION = YES;
				CLANG_WARN_INFINITE_RECURSION = YES;
				CLANG_WARN_INT_CONVERSION = YES;
				CLANG_WARN_NON_LITERAL_NULL_CONVERSION = YES;
				CLANG_WARN_OBJC_IMPLICIT_RETAIN_SELF = YES;
				CLANG_WARN_OBJC_LITERAL_CONVERSION = YES;
				CLANG_WARN_OBJC_ROOT_CLASS = YES_ERROR;
				CLANG_WARN_QUOTED_INCLUDE_IN_FRAMEWORK_HEADER = YES;
				CLANG_WARN_RANGE_LOOP_ANALYSIS = YES;
				CLANG_WARN_STRICT_PROTOTYPES = YES;
				CLANG_WARN_SUSPICIOUS_MOVE = YES;
				CLANG_WARN_UNGUARDED_AVAILABILITY = YES_AGGRESSIVE;
				CLANG_WARN_UNREACHABLE_CODE = YES;
				CLANG_WARN__DUPLICATE_METHOD_MATCH = YES;
				COPY_PHASE_STRIP = NO;
				DEBUG_INFORMATION_FORMAT = dwarf;
				ENABLE_STRICT_OBJC_MSGSEND = YES;
				ENABLE_TESTABILITY = YES;
				GCC_C_LANGUAGE_STANDARD = gnu11;
				GCC_DYNAMIC_NO_PIC = NO;
				GCC_NO_COMMON_BLOCKS = YES;
				GCC_OPTIMIZATION_LEVEL = 0;
				GCC_PREPROCESSOR_DEFINITIONS = (
					"DEBUG=1",
					"$(inherited)",
				);
				GCC_WARN_64_TO_32_BIT_CONVERSION = YES;
				GCC_WARN_ABOUT_RETURN_TYPE = YES_ERROR;
				GCC_WARN_UNDECLARED_SELECTOR = YES;
				GCC_WARN_UNINITIALIZED_AUTOS = YES_AGGRESSIVE;
				GCC_WARN_UNUSED_FUNCTION = YES;
				GCC_WARN_UNUSED_VARIABLE = YES;
				IPHONEOS_DEPLOYMENT_TARGET = 14.2;
				MTL_ENABLE_DEBUG_INFO = INCLUDE_SOURCE;
				MTL_FAST_MATH = YES;
				ONLY_ACTIVE_ARCH = YES;
				SDKROOT = iphoneos;
				SWIFT_ACTIVE_COMPILATION_CONDITIONS = DEBUG;
				SWIFT_OPTIMIZATION_LEVEL = "-Onone";
			};
			name = Debug;
		};
		79F8CC4F264798E7003ACAA3 /* Release */ = {
			isa = XCBuildConfiguration;
			buildSettings = {
				ALWAYS_SEARCH_USER_PATHS = NO;
				CLANG_ANALYZER_NONNULL = YES;
				CLANG_ANALYZER_NUMBER_OBJECT_CONVERSION = YES_AGGRESSIVE;
				CLANG_CXX_LANGUAGE_STANDARD = "gnu++14";
				CLANG_CXX_LIBRARY = "libc++";
				CLANG_ENABLE_MODULES = YES;
				CLANG_ENABLE_OBJC_ARC = YES;
				CLANG_ENABLE_OBJC_WEAK = YES;
				CLANG_WARN_BLOCK_CAPTURE_AUTORELEASING = YES;
				CLANG_WARN_BOOL_CONVERSION = YES;
				CLANG_WARN_COMMA = YES;
				CLANG_WARN_CONSTANT_CONVERSION = YES;
				CLANG_WARN_DEPRECATED_OBJC_IMPLEMENTATIONS = YES;
				CLANG_WARN_DIRECT_OBJC_ISA_USAGE = YES_ERROR;
				CLANG_WARN_DOCUMENTATION_COMMENTS = YES;
				CLANG_WARN_EMPTY_BODY = YES;
				CLANG_WARN_ENUM_CONVERSION = YES;
				CLANG_WARN_INFINITE_RECURSION = YES;
				CLANG_WARN_INT_CONVERSION = YES;
				CLANG_WARN_NON_LITERAL_NULL_CONVERSION = YES;
				CLANG_WARN_OBJC_IMPLICIT_RETAIN_SELF = YES;
				CLANG_WARN_OBJC_LITERAL_CONVERSION = YES;
				CLANG_WARN_OBJC_ROOT_CLASS = YES_ERROR;
				CLANG_WARN_QUOTED_INCLUDE_IN_FRAMEWORK_HEADER = YES;
				CLANG_WARN_RANGE_LOOP_ANALYSIS = YES;
				CLANG_WARN_STRICT_PROTOTYPES = YES;
				CLANG_WARN_SUSPICIOUS_MOVE = YES;
				CLANG_WARN_UNGUARDED_AVAILABILITY = YES_AGGRESSIVE;
				CLANG_WARN_UNREACHABLE_CODE = YES;
				CLANG_WARN__DUPLICATE_METHOD_MATCH = YES;
				COPY_PHASE_STRIP = NO;
				DEBUG_INFORMATION_FORMAT = "dwarf-with-dsym";
				ENABLE_NS_ASSERTIONS = NO;
				ENABLE_STRICT_OBJC_MSGSEND = YES;
				GCC_C_LANGUAGE_STANDARD = gnu11;
				GCC_NO_COMMON_BLOCKS = YES;
				GCC_WARN_64_TO_32_BIT_CONVERSION = YES;
				GCC_WARN_ABOUT_RETURN_TYPE = YES_ERROR;
				GCC_WARN_UNDECLARED_SELECTOR = YES;
				GCC_WARN_UNINITIALIZED_AUTOS = YES_AGGRESSIVE;
				GCC_WARN_UNUSED_FUNCTION = YES;
				GCC_WARN_UNUSED_VARIABLE = YES;
				IPHONEOS_DEPLOYMENT_TARGET = 14.2;
				MTL_ENABLE_DEBUG_INFO = NO;
				MTL_FAST_MATH = YES;
				SDKROOT = iphoneos;
				SWIFT_COMPILATION_MODE = wholemodule;
				SWIFT_OPTIMIZATION_LEVEL = "-O";
				VALIDATE_PRODUCT = YES;
			};
			name = Release;
		};
		79F8CC51264798E7003ACAA3 /* Debug */ = {
			isa = XCBuildConfiguration;
			baseConfigurationReference = 43576BE98CD71AB35BCEE960 /* Pods-MessengerApp.debug.xcconfig */;
			buildSettings = {
				ASSETCATALOG_COMPILER_APPICON_NAME = AppIcon;
				ASSETCATALOG_COMPILER_GLOBAL_ACCENT_COLOR_NAME = AccentColor;
				CODE_SIGN_STYLE = Automatic;
				DEVELOPMENT_TEAM = L5Y442FJFB;
				INFOPLIST_FILE = MessengerApp/Info.plist;
				LD_RUNPATH_SEARCH_PATHS = (
					"$(inherited)",
					"@executable_path/Frameworks",
				);
				PRODUCT_BUNDLE_IDENTIFIER = com.ans96283.MessengerApp;
				PRODUCT_NAME = "$(TARGET_NAME)";
				SWIFT_VERSION = 5.0;
				TARGETED_DEVICE_FAMILY = "1,2";
			};
			name = Debug;
		};
		79F8CC52264798E7003ACAA3 /* Release */ = {
			isa = XCBuildConfiguration;
			baseConfigurationReference = DE00967915590922D7C3E35D /* Pods-MessengerApp.release.xcconfig */;
			buildSettings = {
				ASSETCATALOG_COMPILER_APPICON_NAME = AppIcon;
				ASSETCATALOG_COMPILER_GLOBAL_ACCENT_COLOR_NAME = AccentColor;
				CODE_SIGN_STYLE = Automatic;
				DEVELOPMENT_TEAM = L5Y442FJFB;
				INFOPLIST_FILE = MessengerApp/Info.plist;
				LD_RUNPATH_SEARCH_PATHS = (
					"$(inherited)",
					"@executable_path/Frameworks",
				);
				PRODUCT_BUNDLE_IDENTIFIER = com.ans96283.MessengerApp;
				PRODUCT_NAME = "$(TARGET_NAME)";
				SWIFT_VERSION = 5.0;
				TARGETED_DEVICE_FAMILY = "1,2";
			};
			name = Release;
		};
/* End XCBuildConfiguration section */

/* Begin XCConfigurationList section */
		79F8CC37264798D6003ACAA3 /* Build configuration list for PBXProject "MessengerApp" */ = {
			isa = XCConfigurationList;
			buildConfigurations = (
				79F8CC4E264798E7003ACAA3 /* Debug */,
				79F8CC4F264798E7003ACAA3 /* Release */,
			);
			defaultConfigurationIsVisible = 0;
			defaultConfigurationName = Release;
		};
		79F8CC50264798E7003ACAA3 /* Build configuration list for PBXNativeTarget "MessengerApp" */ = {
			isa = XCConfigurationList;
			buildConfigurations = (
				79F8CC51264798E7003ACAA3 /* Debug */,
				79F8CC52264798E7003ACAA3 /* Release */,
			);
			defaultConfigurationIsVisible = 0;
			defaultConfigurationName = Release;
		};
/* End XCConfigurationList section */
	};
	rootObject = 79F8CC34264798D6003ACAA3 /* Project object */;
}
